
Microsoft Visual Studio Solution File, Format Version 12.00
# Visual Studio 2012
Project("{FAE04EC0-301F-11D3-BF4B-00C04F79EFBC}") = "Employee.Droid", "Employee\Employee.Droid.csproj", "{35CB25E3-A996-46BC-8225-096832EE591A}"
EndProject
Project("{FAE04EC0-301F-11D3-BF4B-00C04F79EFBC}") = "Employee.PCL", "Employee.Shared\Employee.PCL.csproj", "{7B98ED1A-10D4-4C2D-B4CE-3AE444028700}"
EndProject
Global
	GlobalSection(SolutionConfigurationPlatforms) = preSolution
		Debug|Any CPU = Debug|Any CPU
		Release|Any CPU = Release|Any CPU
	EndGlobalSection
	GlobalSection(ProjectConfigurationPlatforms) = postSolution
		{35CB25E3-A996-46BC-8225-096832EE591A}.Debug|Any CPU.ActiveCfg = Debug|Any CPU
		{35CB25E3-A996-46BC-8225-096832EE591A}.Debug|Any CPU.Build.0 = Debug|Any CPU
		{35CB25E3-A996-46BC-8225-096832EE591A}.Release|Any CPU.ActiveCfg = Release|Any CPU
		{35CB25E3-A996-46BC-8225-096832EE591A}.Release|Any CPU.Build.0 = Release|Any CPU
		{7B98ED1A-10D4-4C2D-B4CE-3AE444028700}.Debug|Any CPU.ActiveCfg = Debug|Any CPU
		{7B98ED1A-10D4-4C2D-B4CE-3AE444028700}.Debug|Any CPU.Build.0 = Debug|Any CPU
		{7B98ED1A-10D4-4C2D-B4CE-3AE444028700}.Release|Any CPU.ActiveCfg = Release|Any CPU
		{7B98ED1A-10D4-4C2D-B4CE-3AE444028700}.Release|Any CPU.Build.0 = Release|Any CPU
	EndGlobalSection
EndGlobal
