
Microsoft Visual Studio Solution File, Format Version 12.00
# Visual Studio 14
VisualStudioVersion = 14.0.25123.0
MinimumVisualStudioVersion = 10.0.40219.1
Project("{FAE04EC0-301F-11D3-BF4B-00C04F79EFBC}") = "FavBook.Droid", "FavBook\FavBook.Droid\FavBook.Droid.csproj", "{627A78DE-1E26-4CB8-A5B6-77C2A1B3EF7B}"
EndProject
Project("{FAE04EC0-301F-11D3-BF4B-00C04F79EFBC}") = "FavBook.iOS", "FavBook\FavBook.iOS\FavBook.iOS.csproj", "{D1DC73D1-45E7-4C07-AE7A-710CBA81FAFB}"
EndProject
Project("{FAE04EC0-301F-11D3-BF4B-00C04F79EFBC}") = "FavBook.WinPhone", "FavBook\FavBook.WinPhone\FavBook.WinPhone.csproj", "{6CFCC362-1C29-4496-B61C-31790C8DC298}"
EndProject
Project("{FAE04EC0-301F-11D3-BF4B-00C04F79EFBC}") = "FavBook.UWP", "FavBook\FavBook.UWP\FavBook.UWP.csproj", "{75B7C348-E467-448F-99EC-8DFFBA24A830}"
EndProject
Project("{FAE04EC0-301F-11D3-BF4B-00C04F79EFBC}") = "FavBook.Windows", "FavBook\FavBook.Windows\FavBook.Windows.csproj", "{B1E4AC7C-96A5-4485-80A8-88F8D5C7E46E}"
EndProject
Project("{FAE04EC0-301F-11D3-BF4B-00C04F79EFBC}") = "FavBook", "FavBook\FavBook\FavBook.csproj", "{A3B383FC-56C9-440B-B569-05D074262392}"
EndProject
Global
	GlobalSection(SolutionConfigurationPlatforms) = preSolution
		Ad-Hoc|Any CPU = Ad-Hoc|Any CPU
		Ad-Hoc|ARM = Ad-Hoc|ARM
		Ad-Hoc|iPhone = Ad-Hoc|iPhone
		Ad-Hoc|iPhoneSimulator = Ad-Hoc|iPhoneSimulator
		Ad-Hoc|x64 = Ad-Hoc|x64
		Ad-Hoc|x86 = Ad-Hoc|x86
		AppStore|Any CPU = AppStore|Any CPU
		AppStore|ARM = AppStore|ARM
		AppStore|iPhone = AppStore|iPhone
		AppStore|iPhoneSimulator = AppStore|iPhoneSimulator
		AppStore|x64 = AppStore|x64
		AppStore|x86 = AppStore|x86
		Debug|Any CPU = Debug|Any CPU
		Debug|ARM = Debug|ARM
		Debug|iPhone = Debug|iPhone
		Debug|iPhoneSimulator = Debug|iPhoneSimulator
		Debug|x64 = Debug|x64
		Debug|x86 = Debug|x86
		Release|Any CPU = Release|Any CPU
		Release|ARM = Release|ARM
		Release|iPhone = Release|iPhone
		Release|iPhoneSimulator = Release|iPhoneSimulator
		Release|x64 = Release|x64
		Release|x86 = Release|x86
	EndGlobalSection
	GlobalSection(ProjectConfigurationPlatforms) = postSolution
		{627A78DE-1E26-4CB8-A5B6-77C2A1B3EF7B}.Ad-Hoc|Any CPU.ActiveCfg = Release|Any CPU
		{627A78DE-1E26-4CB8-A5B6-77C2A1B3EF7B}.Ad-Hoc|Any CPU.Build.0 = Release|Any CPU
		{627A78DE-1E26-4CB8-A5B6-77C2A1B3EF7B}.Ad-Hoc|Any CPU.Deploy.0 = Release|Any CPU
		{627A78DE-1E26-4CB8-A5B6-77C2A1B3EF7B}.Ad-Hoc|ARM.ActiveCfg = Release|Any CPU
		{627A78DE-1E26-4CB8-A5B6-77C2A1B3EF7B}.Ad-Hoc|ARM.Build.0 = Release|Any CPU
		{627A78DE-1E26-4CB8-A5B6-77C2A1B3EF7B}.Ad-Hoc|ARM.Deploy.0 = Release|Any CPU
		{627A78DE-1E26-4CB8-A5B6-77C2A1B3EF7B}.Ad-Hoc|iPhone.ActiveCfg = Release|Any CPU
		{627A78DE-1E26-4CB8-A5B6-77C2A1B3EF7B}.Ad-Hoc|iPhone.Build.0 = Release|Any CPU
		{627A78DE-1E26-4CB8-A5B6-77C2A1B3EF7B}.Ad-Hoc|iPhone.Deploy.0 = Release|Any CPU
		{627A78DE-1E26-4CB8-A5B6-77C2A1B3EF7B}.Ad-Hoc|iPhoneSimulator.ActiveCfg = Release|Any CPU
		{627A78DE-1E26-4CB8-A5B6-77C2A1B3EF7B}.Ad-Hoc|iPhoneSimulator.Build.0 = Release|Any CPU
		{627A78DE-1E26-4CB8-A5B6-77C2A1B3EF7B}.Ad-Hoc|iPhoneSimulator.Deploy.0 = Release|Any CPU
		{627A78DE-1E26-4CB8-A5B6-77C2A1B3EF7B}.Ad-Hoc|x64.ActiveCfg = Release|Any CPU
		{627A78DE-1E26-4CB8-A5B6-77C2A1B3EF7B}.Ad-Hoc|x64.Build.0 = Release|Any CPU
		{627A78DE-1E26-4CB8-A5B6-77C2A1B3EF7B}.Ad-Hoc|x64.Deploy.0 = Release|Any CPU
		{627A78DE-1E26-4CB8-A5B6-77C2A1B3EF7B}.Ad-Hoc|x86.ActiveCfg = Release|Any CPU
		{627A78DE-1E26-4CB8-A5B6-77C2A1B3EF7B}.Ad-Hoc|x86.Build.0 = Release|Any CPU
		{627A78DE-1E26-4CB8-A5B6-77C2A1B3EF7B}.Ad-Hoc|x86.Deploy.0 = Release|Any CPU
		{627A78DE-1E26-4CB8-A5B6-77C2A1B3EF7B}.AppStore|Any CPU.ActiveCfg = Release|Any CPU
		{627A78DE-1E26-4CB8-A5B6-77C2A1B3EF7B}.AppStore|Any CPU.Build.0 = Release|Any CPU
		{627A78DE-1E26-4CB8-A5B6-77C2A1B3EF7B}.AppStore|Any CPU.Deploy.0 = Release|Any CPU
		{627A78DE-1E26-4CB8-A5B6-77C2A1B3EF7B}.AppStore|ARM.ActiveCfg = Release|Any CPU
		{627A78DE-1E26-4CB8-A5B6-77C2A1B3EF7B}.AppStore|ARM.Build.0 = Release|Any CPU
		{627A78DE-1E26-4CB8-A5B6-77C2A1B3EF7B}.AppStore|ARM.Deploy.0 = Release|Any CPU
		{627A78DE-1E26-4CB8-A5B6-77C2A1B3EF7B}.AppStore|iPhone.ActiveCfg = Release|Any CPU
		{627A78DE-1E26-4CB8-A5B6-77C2A1B3EF7B}.AppStore|iPhone.Build.0 = Release|Any CPU
		{627A78DE-1E26-4CB8-A5B6-77C2A1B3EF7B}.AppStore|iPhone.Deploy.0 = Release|Any CPU
		{627A78DE-1E26-4CB8-A5B6-77C2A1B3EF7B}.AppStore|iPhoneSimulator.ActiveCfg = Release|Any CPU
		{627A78DE-1E26-4CB8-A5B6-77C2A1B3EF7B}.AppStore|iPhoneSimulator.Build.0 = Release|Any CPU
		{627A78DE-1E26-4CB8-A5B6-77C2A1B3EF7B}.AppStore|iPhoneSimulator.Deploy.0 = Release|Any CPU
		{627A78DE-1E26-4CB8-A5B6-77C2A1B3EF7B}.AppStore|x64.ActiveCfg = Release|Any CPU
		{627A78DE-1E26-4CB8-A5B6-77C2A1B3EF7B}.AppStore|x64.Build.0 = Release|Any CPU
		{627A78DE-1E26-4CB8-A5B6-77C2A1B3EF7B}.AppStore|x64.Deploy.0 = Release|Any CPU
		{627A78DE-1E26-4CB8-A5B6-77C2A1B3EF7B}.AppStore|x86.ActiveCfg = Release|Any CPU
		{627A78DE-1E26-4CB8-A5B6-77C2A1B3EF7B}.AppStore|x86.Build.0 = Release|Any CPU
		{627A78DE-1E26-4CB8-A5B6-77C2A1B3EF7B}.AppStore|x86.Deploy.0 = Release|Any CPU
		{627A78DE-1E26-4CB8-A5B6-77C2A1B3EF7B}.Debug|Any CPU.ActiveCfg = Debug|Any CPU
		{627A78DE-1E26-4CB8-A5B6-77C2A1B3EF7B}.Debug|Any CPU.Build.0 = Debug|Any CPU
		{627A78DE-1E26-4CB8-A5B6-77C2A1B3EF7B}.Debug|Any CPU.Deploy.0 = Debug|Any CPU
		{627A78DE-1E26-4CB8-A5B6-77C2A1B3EF7B}.Debug|ARM.ActiveCfg = Debug|Any CPU
		{627A78DE-1E26-4CB8-A5B6-77C2A1B3EF7B}.Debug|ARM.Build.0 = Debug|Any CPU
		{627A78DE-1E26-4CB8-A5B6-77C2A1B3EF7B}.Debug|ARM.Deploy.0 = Debug|Any CPU
		{627A78DE-1E26-4CB8-A5B6-77C2A1B3EF7B}.Debug|iPhone.ActiveCfg = Debug|Any CPU
		{627A78DE-1E26-4CB8-A5B6-77C2A1B3EF7B}.Debug|iPhone.Build.0 = Debug|Any CPU
		{627A78DE-1E26-4CB8-A5B6-77C2A1B3EF7B}.Debug|iPhone.Deploy.0 = Debug|Any CPU
		{627A78DE-1E26-4CB8-A5B6-77C2A1B3EF7B}.Debug|iPhoneSimulator.ActiveCfg = Debug|Any CPU
		{627A78DE-1E26-4CB8-A5B6-77C2A1B3EF7B}.Debug|iPhoneSimulator.Build.0 = Debug|Any CPU
		{627A78DE-1E26-4CB8-A5B6-77C2A1B3EF7B}.Debug|iPhoneSimulator.Deploy.0 = Debug|Any CPU
		{627A78DE-1E26-4CB8-A5B6-77C2A1B3EF7B}.Debug|x64.ActiveCfg = Debug|Any CPU
		{627A78DE-1E26-4CB8-A5B6-77C2A1B3EF7B}.Debug|x64.Build.0 = Debug|Any CPU
		{627A78DE-1E26-4CB8-A5B6-77C2A1B3EF7B}.Debug|x64.Deploy.0 = Debug|Any CPU
		{627A78DE-1E26-4CB8-A5B6-77C2A1B3EF7B}.Debug|x86.ActiveCfg = Debug|Any CPU
		{627A78DE-1E26-4CB8-A5B6-77C2A1B3EF7B}.Debug|x86.Build.0 = Debug|Any CPU
		{627A78DE-1E26-4CB8-A5B6-77C2A1B3EF7B}.Debug|x86.Deploy.0 = Debug|Any CPU
		{627A78DE-1E26-4CB8-A5B6-77C2A1B3EF7B}.Release|Any CPU.ActiveCfg = Release|Any CPU
		{627A78DE-1E26-4CB8-A5B6-77C2A1B3EF7B}.Release|Any CPU.Build.0 = Release|Any CPU
		{627A78DE-1E26-4CB8-A5B6-77C2A1B3EF7B}.Release|Any CPU.Deploy.0 = Release|Any CPU
		{627A78DE-1E26-4CB8-A5B6-77C2A1B3EF7B}.Release|ARM.ActiveCfg = Release|Any CPU
		{627A78DE-1E26-4CB8-A5B6-77C2A1B3EF7B}.Release|ARM.Build.0 = Release|Any CPU
		{627A78DE-1E26-4CB8-A5B6-77C2A1B3EF7B}.Release|ARM.Deploy.0 = Release|Any CPU
		{627A78DE-1E26-4CB8-A5B6-77C2A1B3EF7B}.Release|iPhone.ActiveCfg = Release|Any CPU
		{627A78DE-1E26-4CB8-A5B6-77C2A1B3EF7B}.Release|iPhone.Build.0 = Release|Any CPU
		{627A78DE-1E26-4CB8-A5B6-77C2A1B3EF7B}.Release|iPhone.Deploy.0 = Release|Any CPU
		{627A78DE-1E26-4CB8-A5B6-77C2A1B3EF7B}.Release|iPhoneSimulator.ActiveCfg = Release|Any CPU
		{627A78DE-1E26-4CB8-A5B6-77C2A1B3EF7B}.Release|iPhoneSimulator.Build.0 = Release|Any CPU
		{627A78DE-1E26-4CB8-A5B6-77C2A1B3EF7B}.Release|iPhoneSimulator.Deploy.0 = Release|Any CPU
		{627A78DE-1E26-4CB8-A5B6-77C2A1B3EF7B}.Release|x64.ActiveCfg = Release|Any CPU
		{627A78DE-1E26-4CB8-A5B6-77C2A1B3EF7B}.Release|x64.Build.0 = Release|Any CPU
		{627A78DE-1E26-4CB8-A5B6-77C2A1B3EF7B}.Release|x64.Deploy.0 = Release|Any CPU
		{627A78DE-1E26-4CB8-A5B6-77C2A1B3EF7B}.Release|x86.ActiveCfg = Release|Any CPU
		{627A78DE-1E26-4CB8-A5B6-77C2A1B3EF7B}.Release|x86.Build.0 = Release|Any CPU
		{627A78DE-1E26-4CB8-A5B6-77C2A1B3EF7B}.Release|x86.Deploy.0 = Release|Any CPU
		{D1DC73D1-45E7-4C07-AE7A-710CBA81FAFB}.Ad-Hoc|Any CPU.ActiveCfg = Ad-Hoc|iPhone
		{D1DC73D1-45E7-4C07-AE7A-710CBA81FAFB}.Ad-Hoc|ARM.ActiveCfg = Ad-Hoc|iPhone
		{D1DC73D1-45E7-4C07-AE7A-710CBA81FAFB}.Ad-Hoc|iPhone.ActiveCfg = Ad-Hoc|iPhone
		{D1DC73D1-45E7-4C07-AE7A-710CBA81FAFB}.Ad-Hoc|iPhone.Build.0 = Ad-Hoc|iPhone
		{D1DC73D1-45E7-4C07-AE7A-710CBA81FAFB}.Ad-Hoc|iPhoneSimulator.ActiveCfg = Ad-Hoc|iPhoneSimulator
		{D1DC73D1-45E7-4C07-AE7A-710CBA81FAFB}.Ad-Hoc|iPhoneSimulator.Build.0 = Ad-Hoc|iPhoneSimulator
		{D1DC73D1-45E7-4C07-AE7A-710CBA81FAFB}.Ad-Hoc|x64.ActiveCfg = Ad-Hoc|iPhone
		{D1DC73D1-45E7-4C07-AE7A-710CBA81FAFB}.Ad-Hoc|x86.ActiveCfg = Ad-Hoc|iPhone
		{D1DC73D1-45E7-4C07-AE7A-710CBA81FAFB}.AppStore|Any CPU.ActiveCfg = AppStore|iPhone
		{D1DC73D1-45E7-4C07-AE7A-710CBA81FAFB}.AppStore|ARM.ActiveCfg = AppStore|iPhone
		{D1DC73D1-45E7-4C07-AE7A-710CBA81FAFB}.AppStore|iPhone.ActiveCfg = AppStore|iPhone
		{D1DC73D1-45E7-4C07-AE7A-710CBA81FAFB}.AppStore|iPhone.Build.0 = AppStore|iPhone
		{D1DC73D1-45E7-4C07-AE7A-710CBA81FAFB}.AppStore|iPhoneSimulator.ActiveCfg = AppStore|iPhoneSimulator
		{D1DC73D1-45E7-4C07-AE7A-710CBA81FAFB}.AppStore|iPhoneSimulator.Build.0 = AppStore|iPhoneSimulator
		{D1DC73D1-45E7-4C07-AE7A-710CBA81FAFB}.AppStore|x64.ActiveCfg = AppStore|iPhone
		{D1DC73D1-45E7-4C07-AE7A-710CBA81FAFB}.AppStore|x86.ActiveCfg = AppStore|iPhone
		{D1DC73D1-45E7-4C07-AE7A-710CBA81FAFB}.Debug|Any CPU.ActiveCfg = Debug|iPhone
		{D1DC73D1-45E7-4C07-AE7A-710CBA81FAFB}.Debug|ARM.ActiveCfg = Debug|iPhone
		{D1DC73D1-45E7-4C07-AE7A-710CBA81FAFB}.Debug|iPhone.ActiveCfg = Debug|iPhone
		{D1DC73D1-45E7-4C07-AE7A-710CBA81FAFB}.Debug|iPhone.Build.0 = Debug|iPhone
		{D1DC73D1-45E7-4C07-AE7A-710CBA81FAFB}.Debug|iPhoneSimulator.ActiveCfg = Debug|iPhoneSimulator
		{D1DC73D1-45E7-4C07-AE7A-710CBA81FAFB}.Debug|iPhoneSimulator.Build.0 = Debug|iPhoneSimulator
		{D1DC73D1-45E7-4C07-AE7A-710CBA81FAFB}.Debug|x64.ActiveCfg = Debug|iPhone
		{D1DC73D1-45E7-4C07-AE7A-710CBA81FAFB}.Debug|x86.ActiveCfg = Debug|iPhone
		{D1DC73D1-45E7-4C07-AE7A-710CBA81FAFB}.Release|Any CPU.ActiveCfg = Release|iPhone
		{D1DC73D1-45E7-4C07-AE7A-710CBA81FAFB}.Release|ARM.ActiveCfg = Release|iPhone
		{D1DC73D1-45E7-4C07-AE7A-710CBA81FAFB}.Release|iPhone.ActiveCfg = Release|iPhone
		{D1DC73D1-45E7-4C07-AE7A-710CBA81FAFB}.Release|iPhone.Build.0 = Release|iPhone
		{D1DC73D1-45E7-4C07-AE7A-710CBA81FAFB}.Release|iPhoneSimulator.ActiveCfg = Release|iPhoneSimulator
		{D1DC73D1-45E7-4C07-AE7A-710CBA81FAFB}.Release|iPhoneSimulator.Build.0 = Release|iPhoneSimulator
		{D1DC73D1-45E7-4C07-AE7A-710CBA81FAFB}.Release|x64.ActiveCfg = Release|iPhone
		{D1DC73D1-45E7-4C07-AE7A-710CBA81FAFB}.Release|x86.ActiveCfg = Release|iPhone
		{6CFCC362-1C29-4496-B61C-31790C8DC298}.Ad-Hoc|Any CPU.ActiveCfg = Release|Any CPU
		{6CFCC362-1C29-4496-B61C-31790C8DC298}.Ad-Hoc|Any CPU.Build.0 = Release|Any CPU
		{6CFCC362-1C29-4496-B61C-31790C8DC298}.Ad-Hoc|Any CPU.Deploy.0 = Release|Any CPU
		{6CFCC362-1C29-4496-B61C-31790C8DC298}.Ad-Hoc|ARM.ActiveCfg = Release|ARM
		{6CFCC362-1C29-4496-B61C-31790C8DC298}.Ad-Hoc|ARM.Build.0 = Release|ARM
		{6CFCC362-1C29-4496-B61C-31790C8DC298}.Ad-Hoc|ARM.Deploy.0 = Release|ARM
		{6CFCC362-1C29-4496-B61C-31790C8DC298}.Ad-Hoc|iPhone.ActiveCfg = Release|Any CPU
		{6CFCC362-1C29-4496-B61C-31790C8DC298}.Ad-Hoc|iPhone.Build.0 = Release|Any CPU
		{6CFCC362-1C29-4496-B61C-31790C8DC298}.Ad-Hoc|iPhone.Deploy.0 = Release|Any CPU
		{6CFCC362-1C29-4496-B61C-31790C8DC298}.Ad-Hoc|iPhoneSimulator.ActiveCfg = Release|Any CPU
		{6CFCC362-1C29-4496-B61C-31790C8DC298}.Ad-Hoc|iPhoneSimulator.Build.0 = Release|Any CPU
		{6CFCC362-1C29-4496-B61C-31790C8DC298}.Ad-Hoc|iPhoneSimulator.Deploy.0 = Release|Any CPU
		{6CFCC362-1C29-4496-B61C-31790C8DC298}.Ad-Hoc|x64.ActiveCfg = Release|Any CPU
		{6CFCC362-1C29-4496-B61C-31790C8DC298}.Ad-Hoc|x64.Build.0 = Release|Any CPU
		{6CFCC362-1C29-4496-B61C-31790C8DC298}.Ad-Hoc|x64.Deploy.0 = Release|Any CPU
		{6CFCC362-1C29-4496-B61C-31790C8DC298}.Ad-Hoc|x86.ActiveCfg = Release|x86
		{6CFCC362-1C29-4496-B61C-31790C8DC298}.Ad-Hoc|x86.Build.0 = Release|x86
		{6CFCC362-1C29-4496-B61C-31790C8DC298}.Ad-Hoc|x86.Deploy.0 = Release|x86
		{6CFCC362-1C29-4496-B61C-31790C8DC298}.AppStore|Any CPU.ActiveCfg = Release|Any CPU
		{6CFCC362-1C29-4496-B61C-31790C8DC298}.AppStore|Any CPU.Build.0 = Release|Any CPU
		{6CFCC362-1C29-4496-B61C-31790C8DC298}.AppStore|Any CPU.Deploy.0 = Release|Any CPU
		{6CFCC362-1C29-4496-B61C-31790C8DC298}.AppStore|ARM.ActiveCfg = Release|ARM
		{6CFCC362-1C29-4496-B61C-31790C8DC298}.AppStore|ARM.Build.0 = Release|ARM
		{6CFCC362-1C29-4496-B61C-31790C8DC298}.AppStore|ARM.Deploy.0 = Release|ARM
		{6CFCC362-1C29-4496-B61C-31790C8DC298}.AppStore|iPhone.ActiveCfg = Release|Any CPU
		{6CFCC362-1C29-4496-B61C-31790C8DC298}.AppStore|iPhone.Build.0 = Release|Any CPU
		{6CFCC362-1C29-4496-B61C-31790C8DC298}.AppStore|iPhone.Deploy.0 = Release|Any CPU
		{6CFCC362-1C29-4496-B61C-31790C8DC298}.AppStore|iPhoneSimulator.ActiveCfg = Release|Any CPU
		{6CFCC362-1C29-4496-B61C-31790C8DC298}.AppStore|iPhoneSimulator.Build.0 = Release|Any CPU
		{6CFCC362-1C29-4496-B61C-31790C8DC298}.AppStore|iPhoneSimulator.Deploy.0 = Release|Any CPU
		{6CFCC362-1C29-4496-B61C-31790C8DC298}.AppStore|x64.ActiveCfg = Release|Any CPU
		{6CFCC362-1C29-4496-B61C-31790C8DC298}.AppStore|x64.Build.0 = Release|Any CPU
		{6CFCC362-1C29-4496-B61C-31790C8DC298}.AppStore|x64.Deploy.0 = Release|Any CPU
		{6CFCC362-1C29-4496-B61C-31790C8DC298}.AppStore|x86.ActiveCfg = Release|x86
		{6CFCC362-1C29-4496-B61C-31790C8DC298}.AppStore|x86.Build.0 = Release|x86
		{6CFCC362-1C29-4496-B61C-31790C8DC298}.AppStore|x86.Deploy.0 = Release|x86
		{6CFCC362-1C29-4496-B61C-31790C8DC298}.Debug|Any CPU.ActiveCfg = Debug|Any CPU
		{6CFCC362-1C29-4496-B61C-31790C8DC298}.Debug|Any CPU.Build.0 = Debug|Any CPU
		{6CFCC362-1C29-4496-B61C-31790C8DC298}.Debug|Any CPU.Deploy.0 = Debug|Any CPU
		{6CFCC362-1C29-4496-B61C-31790C8DC298}.Debug|ARM.ActiveCfg = Debug|ARM
		{6CFCC362-1C29-4496-B61C-31790C8DC298}.Debug|ARM.Build.0 = Debug|ARM
		{6CFCC362-1C29-4496-B61C-31790C8DC298}.Debug|ARM.Deploy.0 = Debug|ARM
		{6CFCC362-1C29-4496-B61C-31790C8DC298}.Debug|iPhone.ActiveCfg = Debug|Any CPU
		{6CFCC362-1C29-4496-B61C-31790C8DC298}.Debug|iPhone.Build.0 = Debug|Any CPU
		{6CFCC362-1C29-4496-B61C-31790C8DC298}.Debug|iPhone.Deploy.0 = Debug|Any CPU
		{6CFCC362-1C29-4496-B61C-31790C8DC298}.Debug|iPhoneSimulator.ActiveCfg = Debug|Any CPU
		{6CFCC362-1C29-4496-B61C-31790C8DC298}.Debug|iPhoneSimulator.Build.0 = Debug|Any CPU
		{6CFCC362-1C29-4496-B61C-31790C8DC298}.Debug|iPhoneSimulator.Deploy.0 = Debug|Any CPU
		{6CFCC362-1C29-4496-B61C-31790C8DC298}.Debug|x64.ActiveCfg = Debug|Any CPU
		{6CFCC362-1C29-4496-B61C-31790C8DC298}.Debug|x64.Build.0 = Debug|Any CPU
		{6CFCC362-1C29-4496-B61C-31790C8DC298}.Debug|x64.Deploy.0 = Debug|Any CPU
		{6CFCC362-1C29-4496-B61C-31790C8DC298}.Debug|x86.ActiveCfg = Debug|x86
		{6CFCC362-1C29-4496-B61C-31790C8DC298}.Debug|x86.Build.0 = Debug|x86
		{6CFCC362-1C29-4496-B61C-31790C8DC298}.Debug|x86.Deploy.0 = Debug|x86
		{6CFCC362-1C29-4496-B61C-31790C8DC298}.Release|Any CPU.ActiveCfg = Release|Any CPU
		{6CFCC362-1C29-4496-B61C-31790C8DC298}.Release|Any CPU.Build.0 = Release|Any CPU
		{6CFCC362-1C29-4496-B61C-31790C8DC298}.Release|Any CPU.Deploy.0 = Release|Any CPU
		{6CFCC362-1C29-4496-B61C-31790C8DC298}.Release|ARM.ActiveCfg = Release|ARM
		{6CFCC362-1C29-4496-B61C-31790C8DC298}.Release|ARM.Build.0 = Release|ARM
		{6CFCC362-1C29-4496-B61C-31790C8DC298}.Release|ARM.Deploy.0 = Release|ARM
		{6CFCC362-1C29-4496-B61C-31790C8DC298}.Release|iPhone.ActiveCfg = Release|Any CPU
		{6CFCC362-1C29-4496-B61C-31790C8DC298}.Release|iPhone.Build.0 = Release|Any CPU
		{6CFCC362-1C29-4496-B61C-31790C8DC298}.Release|iPhone.Deploy.0 = Release|Any CPU
		{6CFCC362-1C29-4496-B61C-31790C8DC298}.Release|iPhoneSimulator.ActiveCfg = Release|Any CPU
		{6CFCC362-1C29-4496-B61C-31790C8DC298}.Release|iPhoneSimulator.Build.0 = Release|Any CPU
		{6CFCC362-1C29-4496-B61C-31790C8DC298}.Release|iPhoneSimulator.Deploy.0 = Release|Any CPU
		{6CFCC362-1C29-4496-B61C-31790C8DC298}.Release|x64.ActiveCfg = Release|Any CPU
		{6CFCC362-1C29-4496-B61C-31790C8DC298}.Release|x64.Build.0 = Release|Any CPU
		{6CFCC362-1C29-4496-B61C-31790C8DC298}.Release|x64.Deploy.0 = Release|Any CPU
		{6CFCC362-1C29-4496-B61C-31790C8DC298}.Release|x86.ActiveCfg = Release|x86
		{6CFCC362-1C29-4496-B61C-31790C8DC298}.Release|x86.Build.0 = Release|x86
		{6CFCC362-1C29-4496-B61C-31790C8DC298}.Release|x86.Deploy.0 = Release|x86
		{75B7C348-E467-448F-99EC-8DFFBA24A830}.Ad-Hoc|Any CPU.ActiveCfg = Release|x86
		{75B7C348-E467-448F-99EC-8DFFBA24A830}.Ad-Hoc|Any CPU.Build.0 = Release|x86
		{75B7C348-E467-448F-99EC-8DFFBA24A830}.Ad-Hoc|Any CPU.Deploy.0 = Release|x86
		{75B7C348-E467-448F-99EC-8DFFBA24A830}.Ad-Hoc|ARM.ActiveCfg = Release|ARM
		{75B7C348-E467-448F-99EC-8DFFBA24A830}.Ad-Hoc|ARM.Build.0 = Release|ARM
		{75B7C348-E467-448F-99EC-8DFFBA24A830}.Ad-Hoc|ARM.Deploy.0 = Release|ARM
		{75B7C348-E467-448F-99EC-8DFFBA24A830}.Ad-Hoc|iPhone.ActiveCfg = Release|x86
		{75B7C348-E467-448F-99EC-8DFFBA24A830}.Ad-Hoc|iPhone.Build.0 = Release|x86
		{75B7C348-E467-448F-99EC-8DFFBA24A830}.Ad-Hoc|iPhone.Deploy.0 = Release|x86
		{75B7C348-E467-448F-99EC-8DFFBA24A830}.Ad-Hoc|iPhoneSimulator.ActiveCfg = Release|x86
		{75B7C348-E467-448F-99EC-8DFFBA24A830}.Ad-Hoc|iPhoneSimulator.Build.0 = Release|x86
		{75B7C348-E467-448F-99EC-8DFFBA24A830}.Ad-Hoc|iPhoneSimulator.Deploy.0 = Release|x86
		{75B7C348-E467-448F-99EC-8DFFBA24A830}.Ad-Hoc|x64.ActiveCfg = Release|x64
		{75B7C348-E467-448F-99EC-8DFFBA24A830}.Ad-Hoc|x64.Build.0 = Release|x64
		{75B7C348-E467-448F-99EC-8DFFBA24A830}.Ad-Hoc|x64.Deploy.0 = Release|x64
		{75B7C348-E467-448F-99EC-8DFFBA24A830}.Ad-Hoc|x86.ActiveCfg = Release|x86
		{75B7C348-E467-448F-99EC-8DFFBA24A830}.Ad-Hoc|x86.Build.0 = Release|x86
		{75B7C348-E467-448F-99EC-8DFFBA24A830}.Ad-Hoc|x86.Deploy.0 = Release|x86
		{75B7C348-E467-448F-99EC-8DFFBA24A830}.AppStore|Any CPU.ActiveCfg = Release|x86
		{75B7C348-E467-448F-99EC-8DFFBA24A830}.AppStore|Any CPU.Build.0 = Release|x86
		{75B7C348-E467-448F-99EC-8DFFBA24A830}.AppStore|Any CPU.Deploy.0 = Release|x86
		{75B7C348-E467-448F-99EC-8DFFBA24A830}.AppStore|ARM.ActiveCfg = Release|ARM
		{75B7C348-E467-448F-99EC-8DFFBA24A830}.AppStore|ARM.Build.0 = Release|ARM
		{75B7C348-E467-448F-99EC-8DFFBA24A830}.AppStore|ARM.Deploy.0 = Release|ARM
		{75B7C348-E467-448F-99EC-8DFFBA24A830}.AppStore|iPhone.ActiveCfg = Release|x86
		{75B7C348-E467-448F-99EC-8DFFBA24A830}.AppStore|iPhone.Build.0 = Release|x86
		{75B7C348-E467-448F-99EC-8DFFBA24A830}.AppStore|iPhone.Deploy.0 = Release|x86
		{75B7C348-E467-448F-99EC-8DFFBA24A830}.AppStore|iPhoneSimulator.ActiveCfg = Release|x86
		{75B7C348-E467-448F-99EC-8DFFBA24A830}.AppStore|iPhoneSimulator.Build.0 = Release|x86
		{75B7C348-E467-448F-99EC-8DFFBA24A830}.AppStore|iPhoneSimulator.Deploy.0 = Release|x86
		{75B7C348-E467-448F-99EC-8DFFBA24A830}.AppStore|x64.ActiveCfg = Release|x64
		{75B7C348-E467-448F-99EC-8DFFBA24A830}.AppStore|x64.Build.0 = Release|x64
		{75B7C348-E467-448F-99EC-8DFFBA24A830}.AppStore|x64.Deploy.0 = Release|x64
		{75B7C348-E467-448F-99EC-8DFFBA24A830}.AppStore|x86.ActiveCfg = Release|x86
		{75B7C348-E467-448F-99EC-8DFFBA24A830}.AppStore|x86.Build.0 = Release|x86
		{75B7C348-E467-448F-99EC-8DFFBA24A830}.AppStore|x86.Deploy.0 = Release|x86
		{75B7C348-E467-448F-99EC-8DFFBA24A830}.Debug|Any CPU.ActiveCfg = Debug|x86
		{75B7C348-E467-448F-99EC-8DFFBA24A830}.Debug|ARM.ActiveCfg = Debug|ARM
		{75B7C348-E467-448F-99EC-8DFFBA24A830}.Debug|ARM.Build.0 = Debug|ARM
		{75B7C348-E467-448F-99EC-8DFFBA24A830}.Debug|ARM.Deploy.0 = Debug|ARM
		{75B7C348-E467-448F-99EC-8DFFBA24A830}.Debug|iPhone.ActiveCfg = Debug|x86
		{75B7C348-E467-448F-99EC-8DFFBA24A830}.Debug|iPhoneSimulator.ActiveCfg = Debug|x86
		{75B7C348-E467-448F-99EC-8DFFBA24A830}.Debug|x64.ActiveCfg = Debug|x64
		{75B7C348-E467-448F-99EC-8DFFBA24A830}.Debug|x64.Build.0 = Debug|x64
		{75B7C348-E467-448F-99EC-8DFFBA24A830}.Debug|x64.Deploy.0 = Debug|x64
		{75B7C348-E467-448F-99EC-8DFFBA24A830}.Debug|x86.ActiveCfg = Debug|x86
		{75B7C348-E467-448F-99EC-8DFFBA24A830}.Debug|x86.Build.0 = Debug|x86
		{75B7C348-E467-448F-99EC-8DFFBA24A830}.Debug|x86.Deploy.0 = Debug|x86
		{75B7C348-E467-448F-99EC-8DFFBA24A830}.Release|Any CPU.ActiveCfg = Release|x86
		{75B7C348-E467-448F-99EC-8DFFBA24A830}.Release|ARM.ActiveCfg = Release|ARM
		{75B7C348-E467-448F-99EC-8DFFBA24A830}.Release|ARM.Build.0 = Release|ARM
		{75B7C348-E467-448F-99EC-8DFFBA24A830}.Release|ARM.Deploy.0 = Release|ARM
		{75B7C348-E467-448F-99EC-8DFFBA24A830}.Release|iPhone.ActiveCfg = Release|x86
		{75B7C348-E467-448F-99EC-8DFFBA24A830}.Release|iPhoneSimulator.ActiveCfg = Release|x86
		{75B7C348-E467-448F-99EC-8DFFBA24A830}.Release|x64.ActiveCfg = Release|x64
		{75B7C348-E467-448F-99EC-8DFFBA24A830}.Release|x64.Build.0 = Release|x64
		{75B7C348-E467-448F-99EC-8DFFBA24A830}.Release|x64.Deploy.0 = Release|x64
		{75B7C348-E467-448F-99EC-8DFFBA24A830}.Release|x86.ActiveCfg = Release|x86
		{75B7C348-E467-448F-99EC-8DFFBA24A830}.Release|x86.Build.0 = Release|x86
		{75B7C348-E467-448F-99EC-8DFFBA24A830}.Release|x86.Deploy.0 = Release|x86
		{B1E4AC7C-96A5-4485-80A8-88F8D5C7E46E}.Ad-Hoc|Any CPU.ActiveCfg = Release|Any CPU
		{B1E4AC7C-96A5-4485-80A8-88F8D5C7E46E}.Ad-Hoc|Any CPU.Build.0 = Release|Any CPU
		{B1E4AC7C-96A5-4485-80A8-88F8D5C7E46E}.Ad-Hoc|Any CPU.Deploy.0 = Release|Any CPU
		{B1E4AC7C-96A5-4485-80A8-88F8D5C7E46E}.Ad-Hoc|ARM.ActiveCfg = Release|ARM
		{B1E4AC7C-96A5-4485-80A8-88F8D5C7E46E}.Ad-Hoc|ARM.Build.0 = Release|ARM
		{B1E4AC7C-96A5-4485-80A8-88F8D5C7E46E}.Ad-Hoc|ARM.Deploy.0 = Release|ARM
		{B1E4AC7C-96A5-4485-80A8-88F8D5C7E46E}.Ad-Hoc|iPhone.ActiveCfg = Release|Any CPU
		{B1E4AC7C-96A5-4485-80A8-88F8D5C7E46E}.Ad-Hoc|iPhone.Build.0 = Release|Any CPU
		{B1E4AC7C-96A5-4485-80A8-88F8D5C7E46E}.Ad-Hoc|iPhone.Deploy.0 = Release|Any CPU
		{B1E4AC7C-96A5-4485-80A8-88F8D5C7E46E}.Ad-Hoc|iPhoneSimulator.ActiveCfg = Release|Any CPU
		{B1E4AC7C-96A5-4485-80A8-88F8D5C7E46E}.Ad-Hoc|iPhoneSimulator.Build.0 = Release|Any CPU
		{B1E4AC7C-96A5-4485-80A8-88F8D5C7E46E}.Ad-Hoc|iPhoneSimulator.Deploy.0 = Release|Any CPU
		{B1E4AC7C-96A5-4485-80A8-88F8D5C7E46E}.Ad-Hoc|x64.ActiveCfg = Release|x64
		{B1E4AC7C-96A5-4485-80A8-88F8D5C7E46E}.Ad-Hoc|x64.Build.0 = Release|x64
		{B1E4AC7C-96A5-4485-80A8-88F8D5C7E46E}.Ad-Hoc|x64.Deploy.0 = Release|x64
		{B1E4AC7C-96A5-4485-80A8-88F8D5C7E46E}.Ad-Hoc|x86.ActiveCfg = Release|x86
		{B1E4AC7C-96A5-4485-80A8-88F8D5C7E46E}.Ad-Hoc|x86.Build.0 = Release|x86
		{B1E4AC7C-96A5-4485-80A8-88F8D5C7E46E}.Ad-Hoc|x86.Deploy.0 = Release|x86
		{B1E4AC7C-96A5-4485-80A8-88F8D5C7E46E}.AppStore|Any CPU.ActiveCfg = Release|Any CPU
		{B1E4AC7C-96A5-4485-80A8-88F8D5C7E46E}.AppStore|Any CPU.Build.0 = Release|Any CPU
		{B1E4AC7C-96A5-4485-80A8-88F8D5C7E46E}.AppStore|Any CPU.Deploy.0 = Release|Any CPU
		{B1E4AC7C-96A5-4485-80A8-88F8D5C7E46E}.AppStore|ARM.ActiveCfg = Release|ARM
		{B1E4AC7C-96A5-4485-80A8-88F8D5C7E46E}.AppStore|ARM.Build.0 = Release|ARM
		{B1E4AC7C-96A5-4485-80A8-88F8D5C7E46E}.AppStore|ARM.Deploy.0 = Release|ARM
		{B1E4AC7C-96A5-4485-80A8-88F8D5C7E46E}.AppStore|iPhone.ActiveCfg = Release|Any CPU
		{B1E4AC7C-96A5-4485-80A8-88F8D5C7E46E}.AppStore|iPhone.Build.0 = Release|Any CPU
		{B1E4AC7C-96A5-4485-80A8-88F8D5C7E46E}.AppStore|iPhone.Deploy.0 = Release|Any CPU
		{B1E4AC7C-96A5-4485-80A8-88F8D5C7E46E}.AppStore|iPhoneSimulator.ActiveCfg = Release|Any CPU
		{B1E4AC7C-96A5-4485-80A8-88F8D5C7E46E}.AppStore|iPhoneSimulator.Build.0 = Release|Any CPU
		{B1E4AC7C-96A5-4485-80A8-88F8D5C7E46E}.AppStore|iPhoneSimulator.Deploy.0 = Release|Any CPU
		{B1E4AC7C-96A5-4485-80A8-88F8D5C7E46E}.AppStore|x64.ActiveCfg = Release|x64
		{B1E4AC7C-96A5-4485-80A8-88F8D5C7E46E}.AppStore|x64.Build.0 = Release|x64
		{B1E4AC7C-96A5-4485-80A8-88F8D5C7E46E}.AppStore|x64.Deploy.0 = Release|x64
		{B1E4AC7C-96A5-4485-80A8-88F8D5C7E46E}.AppStore|x86.ActiveCfg = Release|x86
		{B1E4AC7C-96A5-4485-80A8-88F8D5C7E46E}.AppStore|x86.Build.0 = Release|x86
		{B1E4AC7C-96A5-4485-80A8-88F8D5C7E46E}.AppStore|x86.Deploy.0 = Release|x86
		{B1E4AC7C-96A5-4485-80A8-88F8D5C7E46E}.Debug|Any CPU.ActiveCfg = Debug|Any CPU
		{B1E4AC7C-96A5-4485-80A8-88F8D5C7E46E}.Debug|Any CPU.Build.0 = Debug|Any CPU
		{B1E4AC7C-96A5-4485-80A8-88F8D5C7E46E}.Debug|Any CPU.Deploy.0 = Debug|Any CPU
		{B1E4AC7C-96A5-4485-80A8-88F8D5C7E46E}.Debug|ARM.ActiveCfg = Debug|ARM
		{B1E4AC7C-96A5-4485-80A8-88F8D5C7E46E}.Debug|ARM.Build.0 = Debug|ARM
		{B1E4AC7C-96A5-4485-80A8-88F8D5C7E46E}.Debug|ARM.Deploy.0 = Debug|ARM
		{B1E4AC7C-96A5-4485-80A8-88F8D5C7E46E}.Debug|iPhone.ActiveCfg = Debug|Any CPU
		{B1E4AC7C-96A5-4485-80A8-88F8D5C7E46E}.Debug|iPhone.Build.0 = Debug|Any CPU
		{B1E4AC7C-96A5-4485-80A8-88F8D5C7E46E}.Debug|iPhone.Deploy.0 = Debug|Any CPU
		{B1E4AC7C-96A5-4485-80A8-88F8D5C7E46E}.Debug|iPhoneSimulator.ActiveCfg = Debug|Any CPU
		{B1E4AC7C-96A5-4485-80A8-88F8D5C7E46E}.Debug|iPhoneSimulator.Build.0 = Debug|Any CPU
		{B1E4AC7C-96A5-4485-80A8-88F8D5C7E46E}.Debug|iPhoneSimulator.Deploy.0 = Debug|Any CPU
		{B1E4AC7C-96A5-4485-80A8-88F8D5C7E46E}.Debug|x64.ActiveCfg = Debug|x64
		{B1E4AC7C-96A5-4485-80A8-88F8D5C7E46E}.Debug|x64.Build.0 = Debug|x64
		{B1E4AC7C-96A5-4485-80A8-88F8D5C7E46E}.Debug|x64.Deploy.0 = Debug|x64
		{B1E4AC7C-96A5-4485-80A8-88F8D5C7E46E}.Debug|x86.ActiveCfg = Debug|x86
		{B1E4AC7C-96A5-4485-80A8-88F8D5C7E46E}.Debug|x86.Build.0 = Debug|x86
		{B1E4AC7C-96A5-4485-80A8-88F8D5C7E46E}.Debug|x86.Deploy.0 = Debug|x86
		{B1E4AC7C-96A5-4485-80A8-88F8D5C7E46E}.Release|Any CPU.ActiveCfg = Release|Any CPU
		{B1E4AC7C-96A5-4485-80A8-88F8D5C7E46E}.Release|Any CPU.Build.0 = Release|Any CPU
		{B1E4AC7C-96A5-4485-80A8-88F8D5C7E46E}.Release|Any CPU.Deploy.0 = Release|Any CPU
		{B1E4AC7C-96A5-4485-80A8-88F8D5C7E46E}.Release|ARM.ActiveCfg = Release|ARM
		{B1E4AC7C-96A5-4485-80A8-88F8D5C7E46E}.Release|ARM.Build.0 = Release|ARM
		{B1E4AC7C-96A5-4485-80A8-88F8D5C7E46E}.Release|ARM.Deploy.0 = Release|ARM
		{B1E4AC7C-96A5-4485-80A8-88F8D5C7E46E}.Release|iPhone.ActiveCfg = Release|Any CPU
		{B1E4AC7C-96A5-4485-80A8-88F8D5C7E46E}.Release|iPhone.Build.0 = Release|Any CPU
		{B1E4AC7C-96A5-4485-80A8-88F8D5C7E46E}.Release|iPhone.Deploy.0 = Release|Any CPU
		{B1E4AC7C-96A5-4485-80A8-88F8D5C7E46E}.Release|iPhoneSimulator.ActiveCfg = Release|Any CPU
		{B1E4AC7C-96A5-4485-80A8-88F8D5C7E46E}.Release|iPhoneSimulator.Build.0 = Release|Any CPU
		{B1E4AC7C-96A5-4485-80A8-88F8D5C7E46E}.Release|iPhoneSimulator.Deploy.0 = Release|Any CPU
		{B1E4AC7C-96A5-4485-80A8-88F8D5C7E46E}.Release|x64.ActiveCfg = Release|x64
		{B1E4AC7C-96A5-4485-80A8-88F8D5C7E46E}.Release|x64.Build.0 = Release|x64
		{B1E4AC7C-96A5-4485-80A8-88F8D5C7E46E}.Release|x64.Deploy.0 = Release|x64
		{B1E4AC7C-96A5-4485-80A8-88F8D5C7E46E}.Release|x86.ActiveCfg = Release|x86
		{B1E4AC7C-96A5-4485-80A8-88F8D5C7E46E}.Release|x86.Build.0 = Release|x86
		{B1E4AC7C-96A5-4485-80A8-88F8D5C7E46E}.Release|x86.Deploy.0 = Release|x86
		{A3B383FC-56C9-440B-B569-05D074262392}.Ad-Hoc|Any CPU.ActiveCfg = Release|Any CPU
		{A3B383FC-56C9-440B-B569-05D074262392}.Ad-Hoc|Any CPU.Build.0 = Release|Any CPU
		{A3B383FC-56C9-440B-B569-05D074262392}.Ad-Hoc|ARM.ActiveCfg = Release|Any CPU
		{A3B383FC-56C9-440B-B569-05D074262392}.Ad-Hoc|ARM.Build.0 = Release|Any CPU
		{A3B383FC-56C9-440B-B569-05D074262392}.Ad-Hoc|iPhone.ActiveCfg = Release|Any CPU
		{A3B383FC-56C9-440B-B569-05D074262392}.Ad-Hoc|iPhone.Build.0 = Release|Any CPU
		{A3B383FC-56C9-440B-B569-05D074262392}.Ad-Hoc|iPhoneSimulator.ActiveCfg = Release|Any CPU
		{A3B383FC-56C9-440B-B569-05D074262392}.Ad-Hoc|iPhoneSimulator.Build.0 = Release|Any CPU
		{A3B383FC-56C9-440B-B569-05D074262392}.Ad-Hoc|x64.ActiveCfg = Release|Any CPU
		{A3B383FC-56C9-440B-B569-05D074262392}.Ad-Hoc|x64.Build.0 = Release|Any CPU
		{A3B383FC-56C9-440B-B569-05D074262392}.Ad-Hoc|x86.ActiveCfg = Release|Any CPU
		{A3B383FC-56C9-440B-B569-05D074262392}.Ad-Hoc|x86.Build.0 = Release|Any CPU
		{A3B383FC-56C9-440B-B569-05D074262392}.AppStore|Any CPU.ActiveCfg = Release|Any CPU
		{A3B383FC-56C9-440B-B569-05D074262392}.AppStore|Any CPU.Build.0 = Release|Any CPU
		{A3B383FC-56C9-440B-B569-05D074262392}.AppStore|ARM.ActiveCfg = Release|Any CPU
		{A3B383FC-56C9-440B-B569-05D074262392}.AppStore|ARM.Build.0 = Release|Any CPU
		{A3B383FC-56C9-440B-B569-05D074262392}.AppStore|iPhone.ActiveCfg = Release|Any CPU
		{A3B383FC-56C9-440B-B569-05D074262392}.AppStore|iPhone.Build.0 = Release|Any CPU
		{A3B383FC-56C9-440B-B569-05D074262392}.AppStore|iPhoneSimulator.ActiveCfg = Release|Any CPU
		{A3B383FC-56C9-440B-B569-05D074262392}.AppStore|iPhoneSimulator.Build.0 = Release|Any CPU
		{A3B383FC-56C9-440B-B569-05D074262392}.AppStore|x64.ActiveCfg = Release|Any CPU
		{A3B383FC-56C9-440B-B569-05D074262392}.AppStore|x64.Build.0 = Release|Any CPU
		{A3B383FC-56C9-440B-B569-05D074262392}.AppStore|x86.ActiveCfg = Release|Any CPU
		{A3B383FC-56C9-440B-B569-05D074262392}.AppStore|x86.Build.0 = Release|Any CPU
		{A3B383FC-56C9-440B-B569-05D074262392}.Debug|Any CPU.ActiveCfg = Debug|Any CPU
		{A3B383FC-56C9-440B-B569-05D074262392}.Debug|Any CPU.Build.0 = Debug|Any CPU
		{A3B383FC-56C9-440B-B569-05D074262392}.Debug|ARM.ActiveCfg = Debug|Any CPU
		{A3B383FC-56C9-440B-B569-05D074262392}.Debug|ARM.Build.0 = Debug|Any CPU
		{A3B383FC-56C9-440B-B569-05D074262392}.Debug|iPhone.ActiveCfg = Debug|Any CPU
		{A3B383FC-56C9-440B-B569-05D074262392}.Debug|iPhone.Build.0 = Debug|Any CPU
		{A3B383FC-56C9-440B-B569-05D074262392}.Debug|iPhoneSimulator.ActiveCfg = Debug|Any CPU
		{A3B383FC-56C9-440B-B569-05D074262392}.Debug|iPhoneSimulator.Build.0 = Debug|Any CPU
		{A3B383FC-56C9-440B-B569-05D074262392}.Debug|x64.ActiveCfg = Debug|Any CPU
		{A3B383FC-56C9-440B-B569-05D074262392}.Debug|x64.Build.0 = Debug|Any CPU
		{A3B383FC-56C9-440B-B569-05D074262392}.Debug|x86.ActiveCfg = Debug|Any CPU
		{A3B383FC-56C9-440B-B569-05D074262392}.Debug|x86.Build.0 = Debug|Any CPU
		{A3B383FC-56C9-440B-B569-05D074262392}.Release|Any CPU.ActiveCfg = Release|Any CPU
		{A3B383FC-56C9-440B-B569-05D074262392}.Release|Any CPU.Build.0 = Release|Any CPU
		{A3B383FC-56C9-440B-B569-05D074262392}.Release|ARM.ActiveCfg = Release|Any CPU
		{A3B383FC-56C9-440B-B569-05D074262392}.Release|ARM.Build.0 = Release|Any CPU
		{A3B383FC-56C9-440B-B569-05D074262392}.Release|iPhone.ActiveCfg = Release|Any CPU
		{A3B383FC-56C9-440B-B569-05D074262392}.Release|iPhone.Build.0 = Release|Any CPU
		{A3B383FC-56C9-440B-B569-05D074262392}.Release|iPhoneSimulator.ActiveCfg = Release|Any CPU
		{A3B383FC-56C9-440B-B569-05D074262392}.Release|iPhoneSimulator.Build.0 = Release|Any CPU
		{A3B383FC-56C9-440B-B569-05D074262392}.Release|x64.ActiveCfg = Release|Any CPU
		{A3B383FC-56C9-440B-B569-05D074262392}.Release|x64.Build.0 = Release|Any CPU
		{A3B383FC-56C9-440B-B569-05D074262392}.Release|x86.ActiveCfg = Release|Any CPU
		{A3B383FC-56C9-440B-B569-05D074262392}.Release|x86.Build.0 = Release|Any CPU
	EndGlobalSection
	GlobalSection(SolutionProperties) = preSolution
		HideSolutionNode = FALSE
	EndGlobalSection
EndGlobal
